
Microsoft Visual Studio Solution File, Format Version 12.00
# Visual Studio Version 17
VisualStudioVersion = 17.4.33103.184
MinimumVisualStudioVersion = 10.0.40219.1
Project("{FAE04EC0-301F-11D3-BF4B-00C04F79EFBC}") = "BlazorClientIFrame", "BlazorClientIFrame\BlazorClientIFrame.csproj", "{3E7DC9B4-19AB-4837-9468-F802C80EFDBA}"
EndProject
Global
	GlobalSection(SolutionConfigurationPlatforms) = preSolution
		Debug|Any CPU = Debug|Any CPU
		Release|Any CPU = Release|Any CPU
	EndGlobalSection
	GlobalSection(ProjectConfigurationPlatforms) = postSolution
		{3E7DC9B4-19AB-4837-9468-F802C80EFDBA}.Debug|Any CPU.ActiveCfg = Debug|Any CPU
		{3E7DC9B4-19AB-4837-9468-F802C80EFDBA}.Debug|Any CPU.Build.0 = Debug|Any CPU
		{3E7DC9B4-19AB-4837-9468-F802C80EFDBA}.Release|Any CPU.ActiveCfg = Release|Any CPU
		{3E7DC9B4-19AB-4837-9468-F802C80EFDBA}.Release|Any CPU.Build.0 = Release|Any CPU
	EndGlobalSection
	GlobalSection(SolutionProperties) = preSolution
		HideSolutionNode = FALSE
	EndGlobalSection
	GlobalSection(ExtensibilityGlobals) = postSolution
		SolutionGuid = {1AA086B1-1B8D-47E7-8103-D76D11F850FC}
	EndGlobalSection
EndGlobal
